
Microsoft Visual Studio Solution File, Format Version 12.00
# Visual Studio Version 17
VisualStudioVersion = 17.7.34031.279
MinimumVisualStudioVersion = 10.0.40219.1
Project("{FAE04EC0-301F-11D3-BF4B-00C04F79EFBC}") = "Galeria_Imagens_Serafim", "Galeria_Imagens_Serafim\Galeria_Imagens_Serafim.csproj", "{A51FB0C6-718B-4010-B5B5-4093BC41FFD9}"
EndProject
Global
	GlobalSection(SolutionConfigurationPlatforms) = preSolution
		Debug|Any CPU = Debug|Any CPU
		Release|Any CPU = Release|Any CPU
	EndGlobalSection
	GlobalSection(ProjectConfigurationPlatforms) = postSolution
		{A51FB0C6-718B-4010-B5B5-4093BC41FFD9}.Debug|Any CPU.ActiveCfg = Debug|Any CPU
		{A51FB0C6-718B-4010-B5B5-4093BC41FFD9}.Debug|Any CPU.Build.0 = Debug|Any CPU
		{A51FB0C6-718B-4010-B5B5-4093BC41FFD9}.Release|Any CPU.ActiveCfg = Release|Any CPU
		{A51FB0C6-718B-4010-B5B5-4093BC41FFD9}.Release|Any CPU.Build.0 = Release|Any CPU
	EndGlobalSection
	GlobalSection(SolutionProperties) = preSolution
		HideSolutionNode = FALSE
	EndGlobalSection
	GlobalSection(ExtensibilityGlobals) = postSolution
		SolutionGuid = {CC190436-90CC-417C-B724-2E89B101F9B7}
	EndGlobalSection
EndGlobal
